// !$*UTF8*$!
{
	archiveVersion = 1;
	classes = {
	};
	objectVersion = 77;
	objects = {

/* Begin PBXContainerItemProxy section */
		20823EE12FFB72BD00B33245 /* PBXContainerItemProxy */ = {
			isa = PBXContainerItemProxy;
			containerPortal = 20823EC92FFB72BA00B33245 /* Project object */;
			proxyType = 1;
			remoteGlobalIDString = 20823ED02FFB72BA00B33245;
			remoteInfo = SimTunnelDemoProject;
		};
		20823EEB2FFB72BD00B33245 /* PBXContainerItemProxy */ = {
			isa = PBXContainerItemProxy;
			containerPortal = 20823EC92FFB72BA00B33245 /* Project object */;
			proxyType = 1;
			remoteGlobalIDString = 20823ED02FFB72BA00B33245;
			remoteInfo = SimTunnelDemoProject;
		};
/* End PBXContainerItemProxy section */

/* Begin PBXFileReference section */
		20823ED12FFB72BA00B33245 /* SimTunnelDemoProject.app */ = {isa = PBXFileReference; explicitFileType = wrapper.application; includeInIndex = 0; path = SimTunnelDemoProject.app; sourceTree = BUILT_PRODUCTS_DIR; };
		20823EE02FFB72BD00B33245 /* SimTunnelDemoProjectTests.xctest */ = {isa = PBXFileReference; explicitFileType = wrapper.cfbundle; includeInIndex = 0; path = SimTunnelDemoProjectTests.xctest; sourceTree = BUILT_PRODUCTS_DIR; };
		20823EEA2FFB72BD00B33245 /* SimTunnelDemoProjectUITests.xctest */ = {isa = PBXFileReference; explicitFileType = wrapper.cfbundle; includeInIndex = 0; path = SimTunnelDemoProjectUITests.xctest; sourceTree = BUILT_PRODUCTS_DIR; };
/* End PBXFileReference section */

/* Begin PBXFileSystemSynchronizedRootGroup section */
		20823ED32FFB72BA00B33245 /* SimTunnelDemoProject */ = {
			isa = PBXFileSystemSynchronizedRootGroup;
			path = SimTunnelDemoProject;
			sourceTree = "<group>";
		};
		20823EE32FFB72BD00B33245 /* SimTunnelDemoProjectTests */ = {
			isa = PBXFileSystemSynchronizedRootGroup;
			path = SimTunnelDemoProjectTests;
			sourceTree = "<group>";
		};
		20823EED2FFB72BD00B33245 /* SimTunnelDemoProjectUITests */ = {
			isa = PBXFileSystemSynchronizedRootGroup;
			path = SimTunnelDemoProjectUITests;
			sourceTree = "<group>";
		};
/* End PBXFileSystemSynchronizedRootGroup section */

/* Begin PBXFrameworksBuildPhase section */
		20823ECE2FFB72BA00B33245 /* Frameworks */ = {
			isa = PBXFrameworksBuildPhase;
			buildActionMask = 2147483647;
			files = (
			);
			runOnlyForDeploymentPostprocessing = 0;
		};
		20823EDD2FFB72BD00B33245 /* Frameworks */ = {
			isa = PBXFrameworksBuildPhase;
			buildActionMask = 2147483647;
			files = (
			);
			runOnlyForDeploymentPostprocessing = 0;
		};
		20823EE72FFB72BD00B33245 /* Frameworks */ = {
			isa = PBXFrameworksBuildPhase;
			buildActionMask = 2147483647;
			files = (
			);
			runOnlyForDeploymentPostprocessing = 0;
		};
/* End PBXFrameworksBuildPhase section */

/* Begin PBXGroup section */
		20823EC82FFB72BA00B33245 = {
			isa = PBXGroup;
			children = (
				20823ED32FFB72BA00B33245 /* SimTunnelDemoProject */,
				20823EE32FFB72BD00B33245 /* SimTunnelDemoProjectTests */,
				20823EED2FFB72BD00B33245 /* SimTunnelDemoProjectUITests */,
				20823ED22FFB72BA00B33245 /* Products */,
			);
			sourceTree = "<group>";
		};
		20823ED22FFB72BA00B33245 /* Products */ = {
			isa = PBXGroup;
			children = (
				20823ED12FFB72BA00B33245 /* SimTunnelDemoProject.app */,
				20823EE02FFB72BD00B33245 /* SimTunnelDemoProjectTests.xctest */,
				20823EEA2FFB72BD00B33245 /* SimTunnelDemoProjectUITests.xctest */,
			);
			name = Products;
			sourceTree = "<group>";
		};
/* End PBXGroup section */

/* Begin PBXNativeTarget section */
		20823ED02FFB72BA00B33245 /* SimTunnelDemoProject */ = {
			isa = PBXNativeTarget;
			buildConfigurationList = 20823EF42FFB72BD00B33245 /* Build configuration list for PBXNativeTarget "SimTunnelDemoProject" */;
			buildPhases = (
				20823ECD2FFB72BA00B33245 /* Sources */,
				20823ECE2FFB72BA00B33245 /* Frameworks */,
				20823ECF2FFB72BA00B33245 /* Resources */,
			);
			buildRules = (
			);
			dependencies = (
			);
			fileSystemSynchronizedGroups = (
				20823ED32FFB72BA00B33245 /* SimTunnelDemoProject */,
			);
			name = SimTunnelDemoProject;
			packageProductDependencies = (
			);
			productName = SimTunnelDemoProject;
			productReference = 20823ED12FFB72BA00B33245 /* SimTunnelDemoProject.app */;
			productType = "com.apple.product-type.application";
		};
		20823EDF2FFB72BD00B33245 /* SimTunnelDemoProjectTests */ = {
			isa = PBXNativeTarget;
			buildConfigurationList = 20823EF72FFB72BD00B33245 /* Build configuration list for PBXNativeTarget "SimTunnelDemoProjectTests" */;
			buildPhases = (
				20823EDC2FFB72BD00B33245 /* Sources */,
				20823EDD2FFB72BD00B33245 /* Frameworks */,
				20823EDE2FFB72BD00B33245 /* Resources */,
			);
			buildRules = (
			);
			dependencies = (
				20823EE22FFB72BD00B33245 /* PBXTargetDependency */,
			);
			fileSystemSynchronizedGroups = (
				20823EE32FFB72BD00B33245 /* SimTunnelDemoProjectTests */,
			);
			name = SimTunnelDemoProjectTests;
			packageProductDependencies = (
			);
			productName = SimTunnelDemoProjectTests;
			productReference = 20823EE02FFB72BD00B33245 /* SimTunnelDemoProjectTests.xctest */;
			productType = "com.apple.product-type.bundle.unit-test";
		};
		20823EE92FFB72BD00B33245 /* SimTunnelDemoProjectUITests */ = {
			isa = PBXNativeTarget;
			buildConfigurationList = 20823EFA2FFB72BD00B33245 /* Build configuration list for PBXNativeTarget "SimTunnelDemoProjectUITests" */;
			buildPhases = (
				20823EE62FFB72BD00B33245 /* Sources */,
				20823EE72FFB72BD00B33245 /* Frameworks */,
				20823EE82FFB72BD00B33245 /* Resources */,
			);
			buildRules = (
			);
			dependencies = (
				20823EEC2FFB72BD00B33245 /* PBXTargetDependency */,
			);
			fileSystemSynchronizedGroups = (
				20823EED2FFB72BD00B33245 /* SimTunnelDemoProjectUITests */,
			);
			name = SimTunnelDemoProjectUITests;
			packageProductDependencies = (
			);
			productName = SimTunnelDemoProjectUITests;
			productReference = 20823EEA2FFB72BD00B33245 /* SimTunnelDemoProjectUITests.xctest */;
			productType = "com.apple.product-type.bundle.ui-testing";
		};
/* End PBXNativeTarget section */

/* Begin PBXProject section */
		20823EC92FFB72BA00B33245 /* Project object */ = {
			isa = PBXProject;
			attributes = {
				BuildIndependentTargetsInParallel = 1;
				LastSwiftUpdateCheck = 2650;
				LastUpgradeCheck = 2650;
				TargetAttributes = {
					20823ED02FFB72BA00B33245 = {
						CreatedOnToolsVersion = 26.5;
					};
					20823EDF2FFB72BD00B33245 = {
						CreatedOnToolsVersion = 26.5;
						TestTargetID = 20823ED02FFB72BA00B33245;
					};
					20823EE92FFB72BD00B33245 = {
						CreatedOnToolsVersion = 26.5;
						TestTargetID = 20823ED02FFB72BA00B33245;
					};
				};
			};
			buildConfigurationList = 20823ECC2FFB72BA00B33245 /* Build configuration list for PBXProject "SimTunnelDemoProject" */;
			developmentRegion = en;
			hasScannedForEncodings = 0;
			knownRegions = (
				en,
				Base,
			);
			mainGroup = 20823EC82FFB72BA00B33245;
			minimizedProjectReferenceProxies = 1;
			preferredProjectObjectVersion = 77;
			productRefGroup = 20823ED22FFB72BA00B33245 /* Products */;
			projectDirPath = "";
			projectRoot = "";
			targets = (
				20823ED02FFB72BA00B33245 /* SimTunnelDemoProject */,
				20823EDF2FFB72BD00B33245 /* SimTunnelDemoProjectTests */,
				20823EE92FFB72BD00B33245 /* SimTunnelDemoProjectUITests */,
			);
		};
/* End PBXProject section */

/* Begin PBXResourcesBuildPhase section */
		20823ECF2FFB72BA00B33245 /* Resources */ = {
			isa = PBXResourcesBuildPhase;
			buildActionMask = 2147483647;
			files = (
			);
			runOnlyForDeploymentPostprocessing = 0;
		};
		20823EDE2FFB72BD00B33245 /* Resources */ = {
			isa = PBXResourcesBuildPhase;
			buildActionMask = 2147483647;
			files = (
			);
			runOnlyForDeploymentPostprocessing = 0;
		};
		20823EE82FFB72BD00B33245 /* Resources */ = {
			isa = PBXResourcesBuildPhase;
			buildActionMask = 2147483647;
			files = (
			);
			runOnlyForDeploymentPostprocessing = 0;
		};
/* End PBXResourcesBuildPhase section */

/* Begin PBXSourcesBuildPhase section */
		20823ECD2FFB72BA00B33245 /* Sources */ = {
			isa = PBXSourcesBuildPhase;
			buildActionMask = 2147483647;
			files = (
			);
			runOnlyForDeploymentPostprocessing = 0;
		};
		20823EDC2FFB72BD00B33245 /* Sources */ = {
			isa = PBXSourcesBuildPhase;
			buildActionMask = 2147483647;
			files = (
			);
			runOnlyForDeploymentPostprocessing = 0;
		};
		20823EE62FFB72BD00B33245 /* Sources */ = {
			isa = PBXSourcesBuildPhase;
			buildActionMask = 2147483647;
			files = (
			);
			runOnlyForDeploymentPostprocessing = 0;
		};
/* End PBXSourcesBuildPhase section */

/* Begin PBXTargetDependency section */
		20823EE22FFB72BD00B33245 /* PBXTargetDependency */ = {
			isa = PBXTargetDependency;
			target = 20823ED02FFB72BA00B33245 /* SimTunnelDemoProject */;
			targetProxy = 20823EE12FFB72BD00B33245 /* PBXContainerItemProxy */;
		};
		20823EEC2FFB72BD00B33245 /* PBXTargetDependency */ = {
			isa = PBXTargetDependency;
			target = 20823ED02FFB72BA00B33245 /* SimTunnelDemoProject */;
			targetProxy = 20823EEB2FFB72BD00B33245 /* PBXContainerItemProxy */;
		};
/* End PBXTargetDependency section */

/* Begin XCBuildConfiguration section */
		20823EF22FFB72BD00B33245 /* Debug */ = {
			isa = XCBuildConfiguration;
			buildSettings = {
				ALWAYS_SEARCH_USER_PATHS = NO;
				ASSETCATALOG_COMPILER_GENERATE_SWIFT_ASSET_SYMBOL_EXTENSIONS = YES;
				CLANG_ANALYZER_NONNULL = YES;
				CLANG_ANALYZER_NUMBER_OBJECT_CONVERSION = YES_AGGRESSIVE;
				CLANG_CXX_LANGUAGE_STANDARD = "gnu++20";
				CLANG_ENABLE_MODULES = YES;
				CLANG_ENABLE_OBJC_ARC = YES;
				CLANG_ENABLE_OBJC_WEAK = YES;
				CLANG_WARN_BLOCK_CAPTURE_AUTORELEASING = YES;
				CLANG_WARN_BOOL_CONVERSION = YES;
				CLANG_WARN_COMMA = YES;
				CLANG_WARN_CONSTANT_CONVERSION = YES;
				CLANG_WARN_DEPRECATED_OBJC_IMPLEMENTATIONS = YES;
				CLANG_WARN_DIRECT_OBJC_ISA_USAGE = YES_ERROR;
				CLANG_WARN_DOCUMENTATION_COMMENTS = YES;
				CLANG_WARN_EMPTY_BODY = YES;
				CLANG_WARN_ENUM_CONVERSION = YES;
				CLANG_WARN_INFINITE_RECURSION = YES;
				CLANG_WARN_INT_CONVERSION = YES;
				CLANG_WARN_NON_LITERAL_NULL_CONVERSION = YES;
				CLANG_WARN_OBJC_IMPLICIT_RETAIN_SELF = YES;
				CLANG_WARN_OBJC_LITERAL_CONVERSION = YES;
				CLANG_WARN_OBJC_ROOT_CLASS = YES_ERROR;
				CLANG_WARN_QUOTED_INCLUDE_IN_FRAMEWORK_HEADER = YES;
				CLANG_WARN_RANGE_LOOP_ANALYSIS = YES;
				CLANG_WARN_STRICT_PROTOTYPES = YES;
				CLANG_WARN_SUSPICIOUS_MOVE = YES;
				CLANG_WARN_UNGUARDED_AVAILABILITY = YES_AGGRESSIVE;
				CLANG_WARN_UNREACHABLE_CODE = YES;
				CLANG_WARN__DUPLICATE_METHOD_MATCH = YES;
				COPY_PHASE_STRIP = NO;
				DEBUG_INFORMATION_FORMAT = dwarf;
				DEVELOPMENT_TEAM = TQPN82UBBY;
				ENABLE_STRICT_OBJC_MSGSEND = YES;
				ENABLE_TESTABILITY = YES;
				ENABLE_USER_SCRIPT_SANDBOXING = YES;
				GCC_C_LANGUAGE_STANDARD = gnu17;
				GCC_DYNAMIC_NO_PIC = NO;
				GCC_NO_COMMON_BLOCKS = YES;
				GCC_OPTIMIZATION_LEVEL = 0;
				GCC_PREPROCESSOR_DEFINITIONS = (
					"DEBUG=1",
					"$(inherited)",
				);
				GCC_WARN_64_TO_32_BIT_CONVERSION = YES;
				GCC_WARN_ABOUT_RETURN_TYPE = YES_ERROR;
				GCC_WARN_UNDECLARED_SELECTOR = YES;
				GCC_WARN_UNINITIALIZED_AUTOS = YES_AGGRESSIVE;
				GCC_WARN_UNUSED_FUNCTION = YES;
				GCC_WARN_UNUSED_VARIABLE = YES;
				IPHONEOS_DEPLOYMENT_TARGET = 26.5;
				LOCALIZATION_PREFERS_STRING_CATALOGS = YES;
				MTL_ENABLE_DEBUG_INFO = INCLUDE_SOURCE;
				MTL_FAST_MATH = YES;
				ONLY_ACTIVE_ARCH = YES;
				SDKROOT = iphoneos;
				SWIFT_ACTIVE_COMPILATION_CONDITIONS = "DEBUG $(inherited)";
				SWIFT_OPTIMIZATION_LEVEL = "-Onone";
			};
			name = Debug;
		};
		20823EF32FFB72BD00B33245 /* Release */ = {
			isa = XCBuildConfiguration;
			buildSettings = {
				ALWAYS_SEARCH_USER_PATHS = NO;
				ASSETCATALOG_COMPILER_GENERATE_SWIFT_ASSET_SYMBOL_EXTENSIONS = YES;
				CLANG_ANALYZER_NONNULL = YES;
				CLANG_ANALYZER_NUMBER_OBJECT_CONVERSION = YES_AGGRESSIVE;
				CLANG_CXX_LANGUAGE_STANDARD = "gnu++20";
				CLANG_ENABLE_MODULES = YES;
				CLANG_ENABLE_OBJC_ARC = YES;
				CLANG_ENABLE_OBJC_WEAK = YES;
				CLANG_WARN_BLOCK_CAPTURE_AUTORELEASING = YES;
				CLANG_WARN_BOOL_CONVERSION = YES;
				CLANG_WARN_COMMA = YES;
				CLANG_WARN_CONSTANT_CONVERSION = YES;
				CLANG_WARN_DEPRECATED_OBJC_IMPLEMENTATIONS = YES;
				CLANG_WARN_DIRECT_OBJC_ISA_USAGE = YES_ERROR;
				CLANG_WARN_DOCUMENTATION_COMMENTS = YES;
				CLANG_WARN_EMPTY_BODY = YES;
				CLANG_WARN_ENUM_CONVERSION = YES;
				CLANG_WARN_INFINITE_RECURSION = YES;
				CLANG_WARN_INT_CONVERSION = YES;
				CLANG_WARN_NON_LITERAL_NULL_CONVERSION = YES;
				CLANG_WARN_OBJC_IMPLICIT_RETAIN_SELF = YES;
				CLANG_WARN_OBJC_LITERAL_CONVERSION = YES;
				CLANG_WARN_OBJC_ROOT_CLASS = YES_ERROR;
				CLANG_WARN_QUOTED_INCLUDE_IN_FRAMEWORK_HEADER = YES;
				CLANG_WARN_RANGE_LOOP_ANALYSIS = YES;
				CLANG_WARN_STRICT_PROTOTYPES = YES;
				CLANG_WARN_SUSPICIOUS_MOVE = YES;
				CLANG_WARN_UNGUARDED_AVAILABILITY = YES_AGGRESSIVE;
				CLANG_WARN_UNREACHABLE_CODE = YES;
				CLANG_WARN__DUPLICATE_METHOD_MATCH = YES;
				COPY_PHASE_STRIP = NO;
				DEBUG_INFORMATION_FORMAT = "dwarf-with-dsym";
				DEVELOPMENT_TEAM = TQPN82UBBY;
				ENABLE_NS_ASSERTIONS = NO;
				ENABLE_STRICT_OBJC_MSGSEND = YES;
				ENABLE_USER_SCRIPT_SANDBOXING = YES;
				GCC_C_LANGUAGE_STANDARD = gnu17;
				GCC_NO_COMMON_BLOCKS = YES;
				GCC_WARN_64_TO_32_BIT_CONVERSION = YES;
				GCC_WARN_ABOUT_RETURN_TYPE = YES_ERROR;
				GCC_WARN_UNDECLARED_SELECTOR = YES;
				GCC_WARN_UNINITIALIZED_AUTOS = YES_AGGRESSIVE;
				GCC_WARN_UNUSED_FUNCTION = YES;
				GCC_WARN_UNUSED_VARIABLE = YES;
				IPHONEOS_DEPLOYMENT_TARGET = 26.5;
				LOCALIZATION_PREFERS_STRING_CATALOGS = YES;
				MTL_ENABLE_DEBUG_INFO = NO;
				MTL_FAST_MATH = YES;
				SDKROOT = iphoneos;
				SWIFT_COMPILATION_MODE = wholemodule;
				VALIDATE_PRODUCT = YES;
			};
			name = Release;
		};
		20823EF52FFB72BD00B33245 /* Debug */ = {
			isa = XCBuildConfiguration;
			buildSettings = {
				ASSETCATALOG_COMPILER_APPICON_NAME = AppIcon;
				ASSETCATALOG_COMPILER_GLOBAL_ACCENT_COLOR_NAME = AccentColor;
				CODE_SIGN_STYLE = Automatic;
				CURRENT_PROJECT_VERSION = 1;
				DEVELOPMENT_TEAM = TQPN82UBBY;
				ENABLE_PREVIEWS = YES;
				GENERATE_INFOPLIST_FILE = YES;
				INFOPLIST_KEY_UIApplicationSceneManifest_Generation = YES;
				INFOPLIST_KEY_UIApplicationSupportsIndirectInputEvents = YES;
				INFOPLIST_KEY_UILaunchScreen_Generation = YES;
				INFOPLIST_KEY_UISupportedInterfaceOrientations_iPad = "UIInterfaceOrientationPortrait UIInterfaceOrientationPortraitUpsideDown UIInterfaceOrientationLandscapeLeft UIInterfaceOrientationLandscapeRight";
				INFOPLIST_KEY_UISupportedInterfaceOrientations_iPhone = "UIInterfaceOrientationPortrait UIInterfaceOrientationLandscapeLeft UIInterfaceOrientationLandscapeRight";
				LD_RUNPATH_SEARCH_PATHS = (
					"$(inherited)",
					"@executable_path/Frameworks",
				);
				MARKETING_VERSION = 1.0;
				PRODUCT_BUNDLE_IDENTIFIER = com.bannzai.SimTunnelDemoProject;
				PRODUCT_NAME = "$(TARGET_NAME)";
				STRING_CATALOG_GENERATE_SYMBOLS = YES;
				SWIFT_APPROACHABLE_CONCURRENCY = YES;
				SWIFT_DEFAULT_ACTOR_ISOLATION = MainActor;
				SWIFT_EMIT_LOC_STRINGS = YES;
				SWIFT_UPCOMING_FEATURE_MEMBER_IMPORT_VISIBILITY = YES;
				SWIFT_VERSION = 5.0;
				TARGETED_DEVICE_FAMILY = "1,2";
			};
			name = Debug;
		};
		20823EF62FFB72BD00B33245 /* Release */ = {
			isa = XCBuildConfiguration;
			buildSettings = {
				ASSETCATALOG_COMPILER_APPICON_NAME = AppIcon;
				ASSETCATALOG_COMPILER_GLOBAL_ACCENT_COLOR_NAME = AccentColor;
				CODE_SIGN_STYLE = Automatic;
				CURRENT_PROJECT_VERSION = 1;
				DEVELOPMENT_TEAM = TQPN82UBBY;
				ENABLE_PREVIEWS = YES;
				GENERATE_INFOPLIST_FILE = YES;
				INFOPLIST_KEY_UIApplicationSceneManifest_Generation = YES;
				INFOPLIST_KEY_UIApplicationSupportsIndirectInputEvents = YES;
				INFOPLIST_KEY_UILaunchScreen_Generation = YES;
				INFOPLIST_KEY_UISupportedInterfaceOrientations_iPad = "UIInterfaceOrientationPortrait UIInterfaceOrientationPortraitUpsideDown UIInterfaceOrientationLandscapeLeft UIInterfaceOrientationLandscapeRight";
				INFOPLIST_KEY_UISupportedInterfaceOrientations_iPhone = "UIInterfaceOrientationPortrait UIInterfaceOrientationLandscapeLeft UIInterfaceOrientationLandscapeRight";
				LD_RUNPATH_SEARCH_PATHS = (
					"$(inherited)",
					"@executable_path/Frameworks",
				);
				MARKETING_VERSION = 1.0;
				PRODUCT_BUNDLE_IDENTIFIER = com.bannzai.SimTunnelDemoProject;
				PRODUCT_NAME = "$(TARGET_NAME)";
				STRING_CATALOG_GENERATE_SYMBOLS = YES;
				SWIFT_APPROACHABLE_CONCURRENCY = YES;
				SWIFT_DEFAULT_ACTOR_ISOLATION = MainActor;
				SWIFT_EMIT_LOC_STRINGS = YES;
				SWIFT_UPCOMING_FEATURE_MEMBER_IMPORT_VISIBILITY = YES;
				SWIFT_VERSION = 5.0;
				TARGETED_DEVICE_FAMILY = "1,2";
			};
			name = Release;
		};
		20823EF82FFB72BD00B33245 /* Debug */ = {
			isa = XCBuildConfiguration;
			buildSettings = {
				BUNDLE_LOADER = "$(TEST_HOST)";
				CODE_SIGN_STYLE = Automatic;
				CURRENT_PROJECT_VERSION = 1;
				DEVELOPMENT_TEAM = TQPN82UBBY;
				GENERATE_INFOPLIST_FILE = YES;
				IPHONEOS_DEPLOYMENT_TARGET = 26.5;
				MARKETING_VERSION = 1.0;
				PRODUCT_BUNDLE_IDENTIFIER = com.bannzai.SimTunnelDemoProjectTests;
				PRODUCT_NAME = "$(TARGET_NAME)";
				STRING_CATALOG_GENERATE_SYMBOLS = NO;
				SWIFT_APPROACHABLE_CONCURRENCY = YES;
				SWIFT_EMIT_LOC_STRINGS = NO;
				SWIFT_UPCOMING_FEATURE_MEMBER_IMPORT_VISIBILITY = YES;
				SWIFT_VERSION = 5.0;
				TARGETED_DEVICE_FAMILY = "1,2";
				TEST_HOST = "$(BUILT_PRODUCTS_DIR)/SimTunnelDemoProject.app/$(BUNDLE_EXECUTABLE_FOLDER_PATH)/SimTunnelDemoProject";
			};
			name = Debug;
		};
		20823EF92FFB72BD00B33245 /* Release */ = {
			isa = XCBuildConfiguration;
			buildSettings = {
				BUNDLE_LOADER = "$(TEST_HOST)";
				CODE_SIGN_STYLE = Automatic;
				CURRENT_PROJECT_VERSION = 1;
				DEVELOPMENT_TEAM = TQPN82UBBY;
				GENERATE_INFOPLIST_FILE = YES;
				IPHONEOS_DEPLOYMENT_TARGET = 26.5;
				MARKETING_VERSION = 1.0;
				PRODUCT_BUNDLE_IDENTIFIER = com.bannzai.SimTunnelDemoProjectTests;
				PRODUCT_NAME = "$(TARGET_NAME)";
				STRING_CATALOG_GENERATE_SYMBOLS = NO;
				SWIFT_APPROACHABLE_CONCURRENCY = YES;
				SWIFT_EMIT_LOC_STRINGS = NO;
				SWIFT_UPCOMING_FEATURE_MEMBER_IMPORT_VISIBILITY = YES;
				SWIFT_VERSION = 5.0;
				TARGETED_DEVICE_FAMILY = "1,2";
				TEST_HOST = "$(BUILT_PRODUCTS_DIR)/SimTunnelDemoProject.app/$(BUNDLE_EXECUTABLE_FOLDER_PATH)/SimTunnelDemoProject";
			};
			name = Release;
		};
		20823EFB2FFB72BD00B33245 /* Debug */ = {
			isa = XCBuildConfiguration;
			buildSettings = {
				CODE_SIGN_STYLE = Automatic;
				CURRENT_PROJECT_VERSION = 1;
				DEVELOPMENT_TEAM = TQPN82UBBY;
				GENERATE_INFOPLIST_FILE = YES;
				MARKETING_VERSION = 1.0;
				PRODUCT_BUNDLE_IDENTIFIER = com.bannzai.SimTunnelDemoProjectUITests;
				PRODUCT_NAME = "$(TARGET_NAME)";
				STRING_CATALOG_GENERATE_SYMBOLS = NO;
				SWIFT_APPROACHABLE_CONCURRENCY = YES;
				SWIFT_EMIT_LOC_STRINGS = NO;
				SWIFT_UPCOMING_FEATURE_MEMBER_IMPORT_VISIBILITY = YES;
				SWIFT_VERSION = 5.0;
				TARGETED_DEVICE_FAMILY = "1,2";
				TEST_TARGET_NAME = SimTunnelDemoProject;
			};
			name = Debug;
		};
		20823EFC2FFB72BD00B33245 /* Release */ = {
			isa = XCBuildConfiguration;
			buildSettings = {
				CODE_SIGN_STYLE = Automatic;
				CURRENT_PROJECT_VERSION = 1;
				DEVELOPMENT_TEAM = TQPN82UBBY;
				GENERATE_INFOPLIST_FILE = YES;
				MARKETING_VERSION = 1.0;
				PRODUCT_BUNDLE_IDENTIFIER = com.bannzai.SimTunnelDemoProjectUITests;
				PRODUCT_NAME = "$(TARGET_NAME)";
				STRING_CATALOG_GENERATE_SYMBOLS = NO;
				SWIFT_APPROACHABLE_CONCURRENCY = YES;
				SWIFT_EMIT_LOC_STRINGS = NO;
				SWIFT_UPCOMING_FEATURE_MEMBER_IMPORT_VISIBILITY = YES;
				SWIFT_VERSION = 5.0;
				TARGETED_DEVICE_FAMILY = "1,2";
				TEST_TARGET_NAME = SimTunnelDemoProject;
			};
			name = Release;
		};
/* End XCBuildConfiguration section */

/* Begin XCConfigurationList section */
		20823ECC2FFB72BA00B33245 /* Build configuration list for PBXProject "SimTunnelDemoProject" */ = {
			isa = XCConfigurationList;
			buildConfigurations = (
				20823EF22FFB72BD00B33245 /* Debug */,
				20823EF32FFB72BD00B33245 /* Release */,
			);
			defaultConfigurationIsVisible = 0;
			defaultConfigurationName = Release;
		};
		20823EF42FFB72BD00B33245 /* Build configuration list for PBXNativeTarget "SimTunnelDemoProject" */ = {
			isa = XCConfigurationList;
			buildConfigurations = (
				20823EF52FFB72BD00B33245 /* Debug */,
				20823EF62FFB72BD00B33245 /* Release */,
			);
			defaultConfigurationIsVisible = 0;
			defaultConfigurationName = Release;
		};
		20823EF72FFB72BD00B33245 /* Build configuration list for PBXNativeTarget "SimTunnelDemoProjectTests" */ = {
			isa = XCConfigurationList;
			buildConfigurations = (
				20823EF82FFB72BD00B33245 /* Debug */,
				20823EF92FFB72BD00B33245 /* Release */,
			);
			defaultConfigurationIsVisible = 0;
			defaultConfigurationName = Release;
		};
		20823EFA2FFB72BD00B33245 /* Build configuration list for PBXNativeTarget "SimTunnelDemoProjectUITests" */ = {
			isa = XCConfigurationList;
			buildConfigurations = (
				20823EFB2FFB72BD00B33245 /* Debug */,
				20823EFC2FFB72BD00B33245 /* Release */,
			);
			defaultConfigurationIsVisible = 0;
			defaultConfigurationName = Release;
		};
/* End XCConfigurationList section */
	};
	rootObject = 20823EC92FFB72BA00B33245 /* Project object */;
}
